# THIS IS AN AUTOGENERATED FILE. DO NOT EDIT THIS FILE DIRECTLY.
# yarn lockfile v1


axios@^0.21.1:
  version "0.21.1"
  resolved "https://registry.npm.taobao.org/axios/download/axios-0.21.1.tgz#22563481962f4d6bde9a76d516ef0e5d3c09b2b8"
  integrity sha1-IlY0gZYvTWvemnbVFu8OXTwJsrg=
  dependencies:
    follow-redirects "^1.10.0"

call-bind@^1.0.0:
  version "1.0.2"
  resolved "https://registry.npm.taobao.org/call-bind/download/call-bind-1.0.2.tgz?cache=0&sync_timestamp=1610402811207&other_urls=https%3A%2F%2Fregistry.npm.taobao.org%2Fcall-bind%2Fdownload%2Fcall-bind-1.0.2.tgz#b1d4e89e688119c3c9a903ad30abb2f6a919be3c"
  integrity sha1-sdTonmiBGcPJqQOtMKuy9qkZvjw=
  dependencies:
    function-bind "^1.1.1"
    get-intrinsic "^1.0.2"

follow-redirects@^1.10.0:
  version "1.14.1"
  resolved "https://registry.nlark.com/follow-redirects/download/follow-redirects-1.14.1.tgz?cache=0&sync_timestamp=1620555234886&other_urls=https%3A%2F%2Fregistry.nlark.com%2Ffollow-redirects%2Fdownload%2Ffollow-redirects-1.14.1.tgz#d9114ded0a1cfdd334e164e6662ad02bfd91ff43"
  integrity sha1-2RFN7Qoc/dM04WTmZirQK/2R/0M=

function-bind@^1.1.1:
  version "1.1.1"
  resolved "https://registry.npm.taobao.org/function-bind/download/function-bind-1.1.1.tgz#a56899d3ea3c9bab874bb9773b7c5ede92f4895d"
  integrity sha1-pWiZ0+o8m6uHS7l3O3xe3pL0iV0=

get-intrinsic@^1.0.2:
  version "1.1.1"
  resolved "https://registry.npm.taobao.org/get-intrinsic/download/get-intrinsic-1.1.1.tgz#15f59f376f855c446963948f0d24cd3637b4abc6"
  integrity sha1-FfWfN2+FXERpY5SPDSTNNje0q8Y=
  dependencies:
    function-bind "^1.1.1"
    has "^1.0.3"
    has-symbols "^1.0.1"

has-symbols@^1.0.1:
  version "1.0.2"
  resolved "https://registry.npm.taobao.org/has-symbols/download/has-symbols-1.0.2.tgz?cache=0&sync_timestamp=1614443681706&other_urls=https%3A%2F%2Fregistry.npm.taobao.org%2Fhas-symbols%2Fdownload%2Fhas-symbols-1.0.2.tgz#165d3070c00309752a1236a479331e3ac56f1423"
  integrity sha1-Fl0wcMADCXUqEjakeTMeOsVvFCM=

has@^1.0.3:
  version "1.0.3"
  resolved "https://registry.npm.taobao.org/has/download/has-1.0.3.tgz#722d7cbfc1f6aa8241f16dd814e011e1f41e8796"
  integrity sha1-ci18v8H2qoJB8W3YFOAR4fQeh5Y=
  dependencies:
    function-bind "^1.1.1"

he@^1.2.0:
  version "1.2.0"
  resolved "https://registry.npm.taobao.org/he/download/he-1.2.0.tgz#84ae65fa7eafb165fddb61566ae14baf05664f0f"
  integrity sha1-hK5l+n6vsWX922FWauFLrwVmTw8=

object-inspect@^1.9.0:
  version "1.10.3"
  resolved "https://registry.nlark.com/object-inspect/download/object-inspect-1.10.3.tgz?cache=0&sync_timestamp=1620446097930&other_urls=https%3A%2F%2Fregistry.nlark.com%2Fobject-inspect%2Fdownload%2Fobject-inspect-1.10.3.tgz#c2aa7d2d09f50c99375704f7a0adf24c5782d369"
  integrity sha1-wqp9LQn1DJk3VwT3oK3yTFeC02k=

qs@^6.10.1:
  version "6.10.1"
  resolved "https://registry.npm.taobao.org/qs/download/qs-6.10.1.tgz?cache=0&sync_timestamp=1616385248556&other_urls=https%3A%2F%2Fregistry.npm.taobao.org%2Fqs%2Fdownload%2Fqs-6.10.1.tgz#4931482fa8d647a5aab799c5271d2133b981fb6a"
  integrity sha1-STFIL6jWR6Wqt5nFJx0hM7mB+2o=
  dependencies:
    side-channel "^1.0.4"

side-channel@^1.0.4:
  version "1.0.4"
  resolved "https://registry.nlark.com/side-channel/download/side-channel-1.0.4.tgz#efce5c8fdc104ee751b25c58d4290011fa5ea2cf"
  integrity sha1-785cj9wQTudRslxY1CkAEfpeos8=
  dependencies:
    call-bind "^1.0.0"
    get-intrinsic "^1.0.2"
    object-inspect "^1.9.0"
